
Microsoft Visual Studio Solution File, Format Version 12.00
# Visual Studio Version 17
VisualStudioVersion = 17.3.32901.215
MinimumVisualStudioVersion = 10.0.40219.1
Project("{FAE04EC0-301F-11D3-BF4B-00C04F79EFBC}") = "ЭКЗ_Графический ключ", "ЭКЗ_Графический ключ\ЭКЗ_Графический ключ.csproj", "{C4DA34AF-D3BE-4662-9648-EEE492D1F034}"
EndProject
Global
	GlobalSection(SolutionConfigurationPlatforms) = preSolution
		Debug|Any CPU = Debug|Any CPU
		Release|Any CPU = Release|Any CPU
	EndGlobalSection
	GlobalSection(ProjectConfigurationPlatforms) = postSolution
		{C4DA34AF-D3BE-4662-9648-EEE492D1F034}.Debug|Any CPU.ActiveCfg = Debug|Any CPU
		{C4DA34AF-D3BE-4662-9648-EEE492D1F034}.Debug|Any CPU.Build.0 = Debug|Any CPU
		{C4DA34AF-D3BE-4662-9648-EEE492D1F034}.Release|Any CPU.ActiveCfg = Release|Any CPU
		{C4DA34AF-D3BE-4662-9648-EEE492D1F034}.Release|Any CPU.Build.0 = Release|Any CPU
	EndGlobalSection
	GlobalSection(SolutionProperties) = preSolution
		HideSolutionNode = FALSE
	EndGlobalSection
	GlobalSection(ExtensibilityGlobals) = postSolution
		SolutionGuid = {820B203C-4AB9-4539-905D-E3212B4FF67C}
	EndGlobalSection
EndGlobal
