
Microsoft Visual Studio Solution File, Format Version 12.00
# Visual Studio Version 17
VisualStudioVersion = 17.3.32901.215
MinimumVisualStudioVersion = 10.0.40219.1
Project("{FAE04EC0-301F-11D3-BF4B-00C04F79EFBC}") = "ЭКЗ_Лабиринт", "ЭКЗ_Лабиринт\ЭКЗ_Лабиринт.csproj", "{58066E30-A845-4125-8CF4-31383B5E35BA}"
EndProject
Global
	GlobalSection(SolutionConfigurationPlatforms) = preSolution
		Debug|Any CPU = Debug|Any CPU
		Release|Any CPU = Release|Any CPU
	EndGlobalSection
	GlobalSection(ProjectConfigurationPlatforms) = postSolution
		{58066E30-A845-4125-8CF4-31383B5E35BA}.Debug|Any CPU.ActiveCfg = Debug|Any CPU
		{58066E30-A845-4125-8CF4-31383B5E35BA}.Debug|Any CPU.Build.0 = Debug|Any CPU
		{58066E30-A845-4125-8CF4-31383B5E35BA}.Release|Any CPU.ActiveCfg = Release|Any CPU
		{58066E30-A845-4125-8CF4-31383B5E35BA}.Release|Any CPU.Build.0 = Release|Any CPU
	EndGlobalSection
	GlobalSection(SolutionProperties) = preSolution
		HideSolutionNode = FALSE
	EndGlobalSection
	GlobalSection(ExtensibilityGlobals) = postSolution
		SolutionGuid = {0EEEE036-518F-43F9-830B-75F6015D5ABE}
	EndGlobalSection
EndGlobal
