
Microsoft Visual Studio Solution File, Format Version 12.00
# Visual Studio Version 17
VisualStudioVersion = 17.3.32901.215
MinimumVisualStudioVersion = 10.0.40219.1
Project("{FAE04EC0-301F-11D3-BF4B-00C04F79EFBC}") = "ЭКЗ_Пример", "ЭКЗ_Пример\ЭКЗ_Пример.csproj", "{6231C802-5CCB-47C6-B22A-2A0ECB7BDE34}"
EndProject
Global
	GlobalSection(SolutionConfigurationPlatforms) = preSolution
		Debug|Any CPU = Debug|Any CPU
		Release|Any CPU = Release|Any CPU
	EndGlobalSection
	GlobalSection(ProjectConfigurationPlatforms) = postSolution
		{6231C802-5CCB-47C6-B22A-2A0ECB7BDE34}.Debug|Any CPU.ActiveCfg = Debug|Any CPU
		{6231C802-5CCB-47C6-B22A-2A0ECB7BDE34}.Debug|Any CPU.Build.0 = Debug|Any CPU
		{6231C802-5CCB-47C6-B22A-2A0ECB7BDE34}.Release|Any CPU.ActiveCfg = Release|Any CPU
		{6231C802-5CCB-47C6-B22A-2A0ECB7BDE34}.Release|Any CPU.Build.0 = Release|Any CPU
	EndGlobalSection
	GlobalSection(SolutionProperties) = preSolution
		HideSolutionNode = FALSE
	EndGlobalSection
	GlobalSection(ExtensibilityGlobals) = postSolution
		SolutionGuid = {1650F037-7206-49AD-AADD-3A9E597B046A}
	EndGlobalSection
EndGlobal
